// !$*UTF8*$!
{
	archiveVersion = 1;
	classes = {
	};
	objectVersion = 50;
	objects = {

/* Begin PBXBuildFile section */
		CA14799B212A58A6001B64A0 /* AppDelegate.m in Sources */ = {isa = PBXBuildFile; fileRef = CA14799A212A58A6001B64A0 /* AppDelegate.m */; };
		CA1479A1212A58A6001B64A0 /* Main.storyboard in Resources */ = {isa = PBXBuildFile; fileRef = CA14799F212A58A6001B64A0 /* Main.storyboard */; };
		CA1479A3212A58AD001B64A0 /* Assets.xcassets in Resources */ = {isa = PBXBuildFile; fileRef = CA1479A2212A58AD001B64A0 /* Assets.xcassets */; };
		CA1479A9212A58AD001B64A0 /* main.m in Sources */ = {isa = PBXBuildFile; fileRef = CA1479A8212A58AD001B64A0 /* main.m */; };
		CA1479B4212A6323001B64A0 /* HLBuyViewController.m in Sources */ = {isa = PBXBuildFile; fileRef = CA1479B3212A6323001B64A0 /* HLBuyViewController.m */; };
		CA1479B8212A634C001B64A0 /* HLMineViewController.m in Sources */ = {isa = PBXBuildFile; fileRef = CA1479B7212A634C001B64A0 /* HLMineViewController.m */; };
		CA1479BB212A6399001B64A0 /* HLDrawResultViewController.m in Sources */ = {isa = PBXBuildFile; fileRef = CA1479BA212A6399001B64A0 /* HLDrawResultViewController.m */; };
		CA1479BE212A64CC001B64A0 /* HLTabBarViewController.m in Sources */ = {isa = PBXBuildFile; fileRef = CA1479BD212A64CC001B64A0 /* HLTabBarViewController.m */; };
		CA1479C1212A64EA001B64A0 /* HLNavigationController.m in Sources */ = {isa = PBXBuildFile; fileRef = CA1479C0212A64EA001B64A0 /* HLNavigationController.m */; };
		CA1479C4212A64FF001B64A0 /* HLBaseViewController.m in Sources */ = {isa = PBXBuildFile; fileRef = CA1479C3212A64FF001B64A0 /* HLBaseViewController.m */; };
		CA1479C7212A66F2001B64A0 /* HLBuySuperLottoViewController.m in Sources */ = {isa = PBXBuildFile; fileRef = CA1479C6212A66F2001B64A0 /* HLBuySuperLottoViewController.m */; };
		CA1479CA212A6743001B64A0 /* HLBuyUnionLottoViewController.m in Sources */ = {isa = PBXBuildFile; fileRef = CA1479C9212A6743001B64A0 /* HLBuyUnionLottoViewController.m */; };
		CA1479D2212A9840001B64A0 /* HLLottreyBallCollectionCell.m in Sources */ = {isa = PBXBuildFile; fileRef = CA1479D1212A9840001B64A0 /* HLLottreyBallCollectionCell.m */; };
		CA1479D8212AA0A0001B64A0 /* HLBallHeaderReusableView.m in Sources */ = {isa = PBXBuildFile; fileRef = CA1479D7212AA0A0001B64A0 /* HLBallHeaderReusableView.m */; };
		CA1479DB212AB67F001B64A0 /* HLColorBallModel.m in Sources */ = {isa = PBXBuildFile; fileRef = CA1479DA212AB67F001B64A0 /* HLColorBallModel.m */; };
		CAA4AEF2212D4367000F06C6 /* HLRequestManager.m in Sources */ = {isa = PBXBuildFile; fileRef = CAA4AEF1212D4367000F06C6 /* HLRequestManager.m */; };
		CAA6512721339BF3007319B9 /* HLChartView.m in Sources */ = {isa = PBXBuildFile; fileRef = CAA6512621339BF3007319B9 /* HLChartView.m */; };
		CAA6512A21339DEA007319B9 /* HLDrawUnionLottoChartViewController.m in Sources */ = {isa = PBXBuildFile; fileRef = CAA6512921339DEA007319B9 /* HLDrawUnionLottoChartViewController.m */; };
		CAD532F2212E44AE001C163D /* HLBuyStrategyDetailViewController.m in Sources */ = {isa = PBXBuildFile; fileRef = CAD532F1212E44AE001C163D /* HLBuyStrategyDetailViewController.m */; };
		CAD532F5212E46A0001C163D /* HLUnionLottoResultModel.m in Sources */ = {isa = PBXBuildFile; fileRef = CAD532F4212E46A0001C163D /* HLUnionLottoResultModel.m */; };
		CAD532F8212E4819001C163D /* HLLottoBonusDetailModel.m in Sources */ = {isa = PBXBuildFile; fileRef = CAD532F7212E4819001C163D /* HLLottoBonusDetailModel.m */; };
		CAD532FB212E54C7001C163D /* HLDrawResultTableCell.m in Sources */ = {isa = PBXBuildFile; fileRef = CAD532FA212E54C7001C163D /* HLDrawResultTableCell.m */; };
		D67A51B91B132FFF75C18BC4 /* libPods-HandLottery.a in Frameworks */ = {isa = PBXBuildFile; fileRef = 4603ADE4D29806DFC4AA7B31 /* libPods-HandLottery.a */; };
/* End PBXBuildFile section */

/* Begin PBXFileReference section */
		041429885A77822860F88135 /* Pods-HandLottery.debug.xcconfig */ = {isa = PBXFileReference; includeInIndex = 1; lastKnownFileType = text.xcconfig; name = "Pods-HandLottery.debug.xcconfig"; path = "Pods/Target Support Files/Pods-HandLottery/Pods-HandLottery.debug.xcconfig"; sourceTree = "<group>"; };
		4603ADE4D29806DFC4AA7B31 /* libPods-HandLottery.a */ = {isa = PBXFileReference; explicitFileType = archive.ar; includeInIndex = 0; path = "libPods-HandLottery.a"; sourceTree = BUILT_PRODUCTS_DIR; };
		CA147996212A58A6001B64A0 /* HandLottery.app */ = {isa = PBXFileReference; explicitFileType = wrapper.application; includeInIndex = 0; path = HandLottery.app; sourceTree = BUILT_PRODUCTS_DIR; };
		CA147999212A58A6001B64A0 /* AppDelegate.h */ = {isa = PBXFileReference; lastKnownFileType = sourcecode.c.h; path = AppDelegate.h; sourceTree = "<group>"; };
		CA14799A212A58A6001B64A0 /* AppDelegate.m */ = {isa = PBXFileReference; lastKnownFileType = sourcecode.c.objc; path = AppDelegate.m; sourceTree = "<group>"; };
		CA1479A0212A58A6001B64A0 /* Base */ = {isa = PBXFileReference; lastKnownFileType = file.storyboard; name = Base; path = Base.lproj/Main.storyboard; sourceTree = "<group>"; };
		CA1479A2212A58AD001B64A0 /* Assets.xcassets */ = {isa = PBXFileReference; lastKnownFileType = folder.assetcatalog; path = Assets.xcassets; sourceTree = "<group>"; };
		CA1479A7212A58AD001B64A0 /* Info.plist */ = {isa = PBXFileReference; lastKnownFileType = text.plist.xml; path = Info.plist; sourceTree = "<group>"; };
		CA1479A8212A58AD001B64A0 /* main.m */ = {isa = PBXFileReference; lastKnownFileType = sourcecode.c.objc; path = main.m; sourceTree = "<group>"; };
		CA1479B2212A6323001B64A0 /* HLBuyViewController.h */ = {isa = PBXFileReference; lastKnownFileType = sourcecode.c.h; path = HLBuyViewController.h; sourceTree = "<group>"; };
		CA1479B3212A6323001B64A0 /* HLBuyViewController.m */ = {isa = PBXFileReference; lastKnownFileType = sourcecode.c.objc; path = HLBuyViewController.m; sourceTree = "<group>"; };
		CA1479B6212A634C001B64A0 /* HLMineViewController.h */ = {isa = PBXFileReference; lastKnownFileType = sourcecode.c.h; path = HLMineViewController.h; sourceTree = "<group>"; };
		CA1479B7212A634C001B64A0 /* HLMineViewController.m */ = {isa = PBXFileReference; lastKnownFileType = sourcecode.c.objc; path = HLMineViewController.m; sourceTree = "<group>"; };
		CA1479B9212A6399001B64A0 /* HLDrawResultViewController.h */ = {isa = PBXFileReference; lastKnownFileType = sourcecode.c.h; path = HLDrawResultViewController.h; sourceTree = "<group>"; };
		CA1479BA212A6399001B64A0 /* HLDrawResultViewController.m */ = {isa = PBXFileReference; lastKnownFileType = sourcecode.c.objc; path = HLDrawResultViewController.m; sourceTree = "<group>"; };
		CA1479BC212A64CC001B64A0 /* HLTabBarViewController.h */ = {isa = PBXFileReference; lastKnownFileType = sourcecode.c.h; path = HLTabBarViewController.h; sourceTree = "<group>"; };
		CA1479BD212A64CC001B64A0 /* HLTabBarViewController.m */ = {isa = PBXFileReference; lastKnownFileType = sourcecode.c.objc; path = HLTabBarViewController.m; sourceTree = "<group>"; };
		CA1479BF212A64EA001B64A0 /* HLNavigationController.h */ = {isa = PBXFileReference; lastKnownFileType = sourcecode.c.h; path = HLNavigationController.h; sourceTree = "<group>"; };
		CA1479C0212A64EA001B64A0 /* HLNavigationController.m */ = {isa = PBXFileReference; lastKnownFileType = sourcecode.c.objc; path = HLNavigationController.m; sourceTree = "<group>"; };
		CA1479C2212A64FF001B64A0 /* HLBaseViewController.h */ = {isa = PBXFileReference; lastKnownFileType = sourcecode.c.h; path = HLBaseViewController.h; sourceTree = "<group>"; };
		CA1479C3212A64FF001B64A0 /* HLBaseViewController.m */ = {isa = PBXFileReference; lastKnownFileType = sourcecode.c.objc; path = HLBaseViewController.m; sourceTree = "<group>"; };
		CA1479C5212A66F2001B64A0 /* HLBuySuperLottoViewController.h */ = {isa = PBXFileReference; lastKnownFileType = sourcecode.c.h; path = HLBuySuperLottoViewController.h; sourceTree = "<group>"; };
		CA1479C6212A66F2001B64A0 /* HLBuySuperLottoViewController.m */ = {isa = PBXFileReference; lastKnownFileType = sourcecode.c.objc; path = HLBuySuperLottoViewController.m; sourceTree = "<group>"; };
		CA1479C8212A6743001B64A0 /* HLBuyUnionLottoViewController.h */ = {isa = PBXFileReference; lastKnownFileType = sourcecode.c.h; path = HLBuyUnionLottoViewController.h; sourceTree = "<group>"; };
		CA1479C9212A6743001B64A0 /* HLBuyUnionLottoViewController.m */ = {isa = PBXFileReference; lastKnownFileType = sourcecode.c.objc; path = HLBuyUnionLottoViewController.m; sourceTree = "<group>"; };
		CA1479CB212A6DA4001B64A0 /* PrefixHeader.pch */ = {isa = PBXFileReference; lastKnownFileType = sourcecode.c.h; path = PrefixHeader.pch; sourceTree = "<group>"; };
		CA1479D0212A9840001B64A0 /* HLLottreyBallCollectionCell.h */ = {isa = PBXFileReference; lastKnownFileType = sourcecode.c.h; path = HLLottreyBallCollectionCell.h; sourceTree = "<group>"; };
		CA1479D1212A9840001B64A0 /* HLLottreyBallCollectionCell.m */ = {isa = PBXFileReference; lastKnownFileType = sourcecode.c.objc; path = HLLottreyBallCollectionCell.m; sourceTree = "<group>"; };
		CA1479D6212AA0A0001B64A0 /* HLBallHeaderReusableView.h */ = {isa = PBXFileReference; lastKnownFileType = sourcecode.c.h; path = HLBallHeaderReusableView.h; sourceTree = "<group>"; };
		CA1479D7212AA0A0001B64A0 /* HLBallHeaderReusableView.m */ = {isa = PBXFileReference; lastKnownFileType = sourcecode.c.objc; path = HLBallHeaderReusableView.m; sourceTree = "<group>"; };
		CA1479D9212AB67F001B64A0 /* HLColorBallModel.h */ = {isa = PBXFileReference; lastKnownFileType = sourcecode.c.h; path = HLColorBallModel.h; sourceTree = "<group>"; };
		CA1479DA212AB67F001B64A0 /* HLColorBallModel.m */ = {isa = PBXFileReference; lastKnownFileType = sourcecode.c.objc; path = HLColorBallModel.m; sourceTree = "<group>"; };
		CAA4AEF0212D4367000F06C6 /* HLRequestManager.h */ = {isa = PBXFileReference; lastKnownFileType = sourcecode.c.h; path = HLRequestManager.h; sourceTree = "<group>"; };
		CAA4AEF1212D4367000F06C6 /* HLRequestManager.m */ = {isa = PBXFileReference; lastKnownFileType = sourcecode.c.objc; path = HLRequestManager.m; sourceTree = "<group>"; };
		CAA6512521339BF3007319B9 /* HLChartView.h */ = {isa = PBXFileReference; lastKnownFileType = sourcecode.c.h; path = HLChartView.h; sourceTree = "<group>"; };
		CAA6512621339BF3007319B9 /* HLChartView.m */ = {isa = PBXFileReference; lastKnownFileType = sourcecode.c.objc; path = HLChartView.m; sourceTree = "<group>"; };
		CAA6512821339DEA007319B9 /* HLDrawUnionLottoChartViewController.h */ = {isa = PBXFileReference; lastKnownFileType = sourcecode.c.h; path = HLDrawUnionLottoChartViewController.h; sourceTree = "<group>"; };
		CAA6512921339DEA007319B9 /* HLDrawUnionLottoChartViewController.m */ = {isa = PBXFileReference; lastKnownFileType = sourcecode.c.objc; path = HLDrawUnionLottoChartViewController.m; sourceTree = "<group>"; };
		CAD532F0212E44AE001C163D /* HLBuyStrategyDetailViewController.h */ = {isa = PBXFileReference; lastKnownFileType = sourcecode.c.h; path = HLBuyStrategyDetailViewController.h; sourceTree = "<group>"; };
		CAD532F1212E44AE001C163D /* HLBuyStrategyDetailViewController.m */ = {isa = PBXFileReference; lastKnownFileType = sourcecode.c.objc; path = HLBuyStrategyDetailViewController.m; sourceTree = "<group>"; };
		CAD532F3212E46A0001C163D /* HLUnionLottoResultModel.h */ = {isa = PBXFileReference; lastKnownFileType = sourcecode.c.h; path = HLUnionLottoResultModel.h; sourceTree = "<group>"; };
		CAD532F4212E46A0001C163D /* HLUnionLottoResultModel.m */ = {isa = PBXFileReference; lastKnownFileType = sourcecode.c.objc; path = HLUnionLottoResultModel.m; sourceTree = "<group>"; };
		CAD532F6212E4819001C163D /* HLLottoBonusDetailModel.h */ = {isa = PBXFileReference; lastKnownFileType = sourcecode.c.h; path = HLLottoBonusDetailModel.h; sourceTree = "<group>"; };
		CAD532F7212E4819001C163D /* HLLottoBonusDetailModel.m */ = {isa = PBXFileReference; lastKnownFileType = sourcecode.c.objc; path = HLLottoBonusDetailModel.m; sourceTree = "<group>"; };
		CAD532F9212E54C7001C163D /* HLDrawResultTableCell.h */ = {isa = PBXFileReference; lastKnownFileType = sourcecode.c.h; path = HLDrawResultTableCell.h; sourceTree = "<group>"; };
		CAD532FA212E54C7001C163D /* HLDrawResultTableCell.m */ = {isa = PBXFileReference; lastKnownFileType = sourcecode.c.objc; path = HLDrawResultTableCell.m; sourceTree = "<group>"; };
		CDF34BFEB764645D7D40EE63 /* Pods-HandLottery.release.xcconfig */ = {isa = PBXFileReference; includeInIndex = 1; lastKnownFileType = text.xcconfig; name = "Pods-HandLottery.release.xcconfig"; path = "Pods/Target Support Files/Pods-HandLottery/Pods-HandLottery.release.xcconfig"; sourceTree = "<group>"; };
/* End PBXFileReference section */

/* Begin PBXFrameworksBuildPhase section */
		CA147993212A58A6001B64A0 /* Frameworks */ = {
			isa = PBXFrameworksBuildPhase;
			buildActionMask = 2147483647;
			files = (
				D67A51B91B132FFF75C18BC4 /* libPods-HandLottery.a in Frameworks */,
			);
			runOnlyForDeploymentPostprocessing = 0;
		};
/* End PBXFrameworksBuildPhase section */

/* Begin PBXGroup section */
		4801FFD6DF416BD99D16F214 /* Pods */ = {
			isa = PBXGroup;
			children = (
				041429885A77822860F88135 /* Pods-HandLottery.debug.xcconfig */,
				CDF34BFEB764645D7D40EE63 /* Pods-HandLottery.release.xcconfig */,
			);
			name = Pods;
			sourceTree = "<group>";
		};
		A9C57496582F213C18FE8DA7 /* Frameworks */ = {
			isa = PBXGroup;
			children = (
				4603ADE4D29806DFC4AA7B31 /* libPods-HandLottery.a */,
			);
			name = Frameworks;
			sourceTree = "<group>";
		};
		CA14798D212A58A6001B64A0 = {
			isa = PBXGroup;
			children = (
				CA147998212A58A6001B64A0 /* HandLottery */,
				CA147997212A58A6001B64A0 /* Products */,
				4801FFD6DF416BD99D16F214 /* Pods */,
				A9C57496582F213C18FE8DA7 /* Frameworks */,
			);
			sourceTree = "<group>";
		};
		CA147997212A58A6001B64A0 /* Products */ = {
			isa = PBXGroup;
			children = (
				CA147996212A58A6001B64A0 /* HandLottery.app */,
			);
			name = Products;
			sourceTree = "<group>";
		};
		CA147998212A58A6001B64A0 /* HandLottery */ = {
			isa = PBXGroup;
			children = (
				CAA4AEEF212D4124000F06C6 /* Network */,
				CA1479B5212A632B001B64A0 /* Base */,
				CA1479B1212A62EC001B64A0 /* Utils */,
				CA1479B0212A62DA001B64A0 /* Models */,
				CA1479AF212A62C3001B64A0 /* ViewControllers */,
				CA1479CC212A7161001B64A0 /* Views */,
				CA147999212A58A6001B64A0 /* AppDelegate.h */,
				CA14799A212A58A6001B64A0 /* AppDelegate.m */,
				CA14799F212A58A6001B64A0 /* Main.storyboard */,
				CA1479A2212A58AD001B64A0 /* Assets.xcassets */,
				CA1479A7212A58AD001B64A0 /* Info.plist */,
				CA1479A8212A58AD001B64A0 /* main.m */,
				CA1479CB212A6DA4001B64A0 /* PrefixHeader.pch */,
			);
			path = HandLottery;
			sourceTree = "<group>";
		};
		CA1479AF212A62C3001B64A0 /* ViewControllers */ = {
			isa = PBXGroup;
			children = (
				CA1479CF212A71D3001B64A0 /* Mine */,
				CA1479CE212A71BD001B64A0 /* DrawResult */,
				CA1479CD212A71A7001B64A0 /* Buy */,
			);
			path = ViewControllers;
			sourceTree = "<group>";
		};
		CA1479B0212A62DA001B64A0 /* Models */ = {
			isa = PBXGroup;
			children = (
				CA1479D9212AB67F001B64A0 /* HLColorBallModel.h */,
				CA1479DA212AB67F001B64A0 /* HLColorBallModel.m */,
				CAD532F6212E4819001C163D /* HLLottoBonusDetailModel.h */,
				CAD532F7212E4819001C163D /* HLLottoBonusDetailModel.m */,
				CAD532F3212E46A0001C163D /* HLUnionLottoResultModel.h */,
				CAD532F4212E46A0001C163D /* HLUnionLottoResultModel.m */,
			);
			path = Models;
			sourceTree = "<group>";
		};
		CA1479B1212A62EC001B64A0 /* Utils */ = {
			isa = PBXGroup;
			children = (
			);
			path = Utils;
			sourceTree = "<group>";
		};
		CA1479B5212A632B001B64A0 /* Base */ = {
			isa = PBXGroup;
			children = (
				CA1479BC212A64CC001B64A0 /* HLTabBarViewController.h */,
				CA1479BD212A64CC001B64A0 /* HLTabBarViewController.m */,
				CA1479BF212A64EA001B64A0 /* HLNavigationController.h */,
				CA1479C0212A64EA001B64A0 /* HLNavigationController.m */,
				CA1479C2212A64FF001B64A0 /* HLBaseViewController.h */,
				CA1479C3212A64FF001B64A0 /* HLBaseViewController.m */,
			);
			path = Base;
			sourceTree = "<group>";
		};
		CA1479CC212A7161001B64A0 /* Views */ = {
			isa = PBXGroup;
			children = (
				CA1479D0212A9840001B64A0 /* HLLottreyBallCollectionCell.h */,
				CA1479D1212A9840001B64A0 /* HLLottreyBallCollectionCell.m */,
				CA1479D6212AA0A0001B64A0 /* HLBallHeaderReusableView.h */,
				CA1479D7212AA0A0001B64A0 /* HLBallHeaderReusableView.m */,
				CAD532F9212E54C7001C163D /* HLDrawResultTableCell.h */,
				CAD532FA212E54C7001C163D /* HLDrawResultTableCell.m */,
				CAA6512521339BF3007319B9 /* HLChartView.h */,
				CAA6512621339BF3007319B9 /* HLChartView.m */,
			);
			path = Views;
			sourceTree = "<group>";
		};
		CA1479CD212A71A7001B64A0 /* Buy */ = {
			isa = PBXGroup;
			children = (
				CA1479B2212A6323001B64A0 /* HLBuyViewController.h */,
				CA1479B3212A6323001B64A0 /* HLBuyViewController.m */,
				CA1479C5212A66F2001B64A0 /* HLBuySuperLottoViewController.h */,
				CA1479C6212A66F2001B64A0 /* HLBuySuperLottoViewController.m */,
				CA1479C8212A6743001B64A0 /* HLBuyUnionLottoViewController.h */,
				CA1479C9212A6743001B64A0 /* HLBuyUnionLottoViewController.m */,
				CAD532F0212E44AE001C163D /* HLBuyStrategyDetailViewController.h */,
				CAD532F1212E44AE001C163D /* HLBuyStrategyDetailViewController.m */,
			);
			path = Buy;
			sourceTree = "<group>";
		};
		CA1479CE212A71BD001B64A0 /* DrawResult */ = {
			isa = PBXGroup;
			children = (
				CA1479B9212A6399001B64A0 /* HLDrawResultViewController.h */,
				CA1479BA212A6399001B64A0 /* HLDrawResultViewController.m */,
				CAA6512821339DEA007319B9 /* HLDrawUnionLottoChartViewController.h */,
				CAA6512921339DEA007319B9 /* HLDrawUnionLottoChartViewController.m */,
			);
			path = DrawResult;
			sourceTree = "<group>";
		};
		CA1479CF212A71D3001B64A0 /* Mine */ = {
			isa = PBXGroup;
			children = (
				CA1479B6212A634C001B64A0 /* HLMineViewController.h */,
				CA1479B7212A634C001B64A0 /* HLMineViewController.m */,
			);
			path = Mine;
			sourceTree = "<group>";
		};
		CAA4AEEF212D4124000F06C6 /* Network */ = {
			isa = PBXGroup;
			children = (
				CAA4AEF0212D4367000F06C6 /* HLRequestManager.h */,
				CAA4AEF1212D4367000F06C6 /* HLRequestManager.m */,
			);
			path = Network;
			sourceTree = "<group>";
		};
/* End PBXGroup section */

/* Begin PBXNativeTarget section */
		CA147995212A58A6001B64A0 /* HandLottery */ = {
			isa = PBXNativeTarget;
			buildConfigurationList = CA1479AC212A58AD001B64A0 /* Build configuration list for PBXNativeTarget "HandLottery" */;
			buildPhases = (
				E9DA701F6B172A2DF5231B2A /* [CP] Check Pods Manifest.lock */,
				CA147992212A58A6001B64A0 /* Sources */,
				CA147993212A58A6001B64A0 /* Frameworks */,
				CA147994212A58A6001B64A0 /* Resources */,
				779E9F7C1F37307D31DD5E1B /* [CP] Copy Pods Resources */,
			);
			buildRules = (
			);
			dependencies = (
			);
			name = HandLottery;
			productName = HandLottery;
			productReference = CA147996212A58A6001B64A0 /* HandLottery.app */;
			productType = "com.apple.product-type.application";
		};
/* End PBXNativeTarget section */

/* Begin PBXProject section */
		CA14798E212A58A6001B64A0 /* Project object */ = {
			isa = PBXProject;
			attributes = {
				LastUpgradeCheck = 0940;
				ORGANIZATIONNAME = jrzl;
				TargetAttributes = {
					CA147995212A58A6001B64A0 = {
						CreatedOnToolsVersion = 9.4.1;
					};
				};
			};
			buildConfigurationList = CA147991212A58A6001B64A0 /* Build configuration list for PBXProject "HandLottery" */;
			compatibilityVersion = "Xcode 9.3";
			developmentRegion = en;
			hasScannedForEncodings = 0;
			knownRegions = (
				en,
				Base,
			);
			mainGroup = CA14798D212A58A6001B64A0;
			productRefGroup = CA147997212A58A6001B64A0 /* Products */;
			projectDirPath = "";
			projectRoot = "";
			targets = (
				CA147995212A58A6001B64A0 /* HandLottery */,
			);
		};
/* End PBXProject section */

/* Begin PBXResourcesBuildPhase section */
		CA147994212A58A6001B64A0 /* Resources */ = {
			isa = PBXResourcesBuildPhase;
			buildActionMask = 2147483647;
			files = (
				CA1479A3212A58AD001B64A0 /* Assets.xcassets in Resources */,
				CA1479A1212A58A6001B64A0 /* Main.storyboard in Resources */,
			);
			runOnlyForDeploymentPostprocessing = 0;
		};
/* End PBXResourcesBuildPhase section */

/* Begin PBXShellScriptBuildPhase section */
		779E9F7C1F37307D31DD5E1B /* [CP] Copy Pods Resources */ = {
			isa = PBXShellScriptBuildPhase;
			buildActionMask = 2147483647;
			files = (
			);
			inputPaths = (
				"${SRCROOT}/Pods/Target Support Files/Pods-HandLottery/Pods-HandLottery-resources.sh",
				"${PODS_ROOT}/MJRefresh/MJRefresh/MJRefresh.bundle",
			);
			name = "[CP] Copy Pods Resources";
			outputPaths = (
				"${TARGET_BUILD_DIR}/${UNLOCALIZED_RESOURCES_FOLDER_PATH}/MJRefresh.bundle",
			);
			runOnlyForDeploymentPostprocessing = 0;
			shellPath = /bin/sh;
			shellScript = "\"${SRCROOT}/Pods/Target Support Files/Pods-HandLottery/Pods-HandLottery-resources.sh\"\n";
			showEnvVarsInLog = 0;
		};
		E9DA701F6B172A2DF5231B2A /* [CP] Check Pods Manifest.lock */ = {
			isa = PBXShellScriptBuildPhase;
			buildActionMask = 2147483647;
			files = (
			);
			inputPaths = (
				"${PODS_PODFILE_DIR_PATH}/Podfile.lock",
				"${PODS_ROOT}/Manifest.lock",
			);
			name = "[CP] Check Pods Manifest.lock";
			outputPaths = (
				"$(DERIVED_FILE_DIR)/Pods-HandLottery-checkManifestLockResult.txt",
			);
			runOnlyForDeploymentPostprocessing = 0;
			shellPath = /bin/sh;
			shellScript = "diff \"${PODS_PODFILE_DIR_PATH}/Podfile.lock\" \"${PODS_ROOT}/Manifest.lock\" > /dev/null\nif [ $? != 0 ] ; then\n    # print error to STDERR\n    echo \"error: The sandbox is not in sync with the Podfile.lock. Run 'pod install' or update your CocoaPods installation.\" >&2\n    exit 1\nfi\n# This output is used by Xcode 'outputs' to avoid re-running this script phase.\necho \"SUCCESS\" > \"${SCRIPT_OUTPUT_FILE_0}\"\n";
			showEnvVarsInLog = 0;
		};
/* End PBXShellScriptBuildPhase section */

/* Begin PBXSourcesBuildPhase section */
		CA147992212A58A6001B64A0 /* Sources */ = {
			isa = PBXSourcesBuildPhase;
			buildActionMask = 2147483647;
			files = (
				CA1479A9212A58AD001B64A0 /* main.m in Sources */,
				CA1479C7212A66F2001B64A0 /* HLBuySuperLottoViewController.m in Sources */,
				CA1479CA212A6743001B64A0 /* HLBuyUnionLottoViewController.m in Sources */,
				CAA6512721339BF3007319B9 /* HLChartView.m in Sources */,
				CAD532F5212E46A0001C163D /* HLUnionLottoResultModel.m in Sources */,
				CA1479B8212A634C001B64A0 /* HLMineViewController.m in Sources */,
				CAD532FB212E54C7001C163D /* HLDrawResultTableCell.m in Sources */,
				CA14799B212A58A6001B64A0 /* AppDelegate.m in Sources */,
				CA1479BB212A6399001B64A0 /* HLDrawResultViewController.m in Sources */,
				CA1479C1212A64EA001B64A0 /* HLNavigationController.m in Sources */,
				CA1479D2212A9840001B64A0 /* HLLottreyBallCollectionCell.m in Sources */,
				CA1479BE212A64CC001B64A0 /* HLTabBarViewController.m in Sources */,
				CAA6512A21339DEA007319B9 /* HLDrawUnionLottoChartViewController.m in Sources */,
				CAA4AEF2212D4367000F06C6 /* HLRequestManager.m in Sources */,
				CA1479B4212A6323001B64A0 /* HLBuyViewController.m in Sources */,
				CA1479DB212AB67F001B64A0 /* HLColorBallModel.m in Sources */,
				CA1479D8212AA0A0001B64A0 /* HLBallHeaderReusableView.m in Sources */,
				CAD532F8212E4819001C163D /* HLLottoBonusDetailModel.m in Sources */,
				CA1479C4212A64FF001B64A0 /* HLBaseViewController.m in Sources */,
				CAD532F2212E44AE001C163D /* HLBuyStrategyDetailViewController.m in Sources */,
			);
			runOnlyForDeploymentPostprocessing = 0;
		};
/* End PBXSourcesBuildPhase section */

/* Begin PBXVariantGroup section */
		CA14799F212A58A6001B64A0 /* Main.storyboard */ = {
			isa = PBXVariantGroup;
			children = (
				CA1479A0212A58A6001B64A0 /* Base */,
			);
			name = Main.storyboard;
			sourceTree = "<group>";
		};
/* End PBXVariantGroup section */

/* Begin XCBuildConfiguration section */
		CA1479AA212A58AD001B64A0 /* Debug */ = {
			isa = XCBuildConfiguration;
			buildSettings = {
				ALWAYS_SEARCH_USER_PATHS = NO;
				CLANG_ANALYZER_NONNULL = YES;
				CLANG_ANALYZER_NUMBER_OBJECT_CONVERSION = YES_AGGRESSIVE;
				CLANG_CXX_LANGUAGE_STANDARD = "gnu++14";
				CLANG_CXX_LIBRARY = "libc++";
				CLANG_ENABLE_MODULES = YES;
				CLANG_ENABLE_OBJC_ARC = YES;
				CLANG_ENABLE_OBJC_WEAK = YES;
				CLANG_WARN_BLOCK_CAPTURE_AUTORELEASING = YES;
				CLANG_WARN_BOOL_CONVERSION = YES;
				CLANG_WARN_COMMA = YES;
				CLANG_WARN_CONSTANT_CONVERSION = YES;
				CLANG_WARN_DEPRECATED_OBJC_IMPLEMENTATIONS = YES;
				CLANG_WARN_DIRECT_OBJC_ISA_USAGE = YES_ERROR;
				CLANG_WARN_DOCUMENTATION_COMMENTS = YES;
				CLANG_WARN_EMPTY_BODY = YES;
				CLANG_WARN_ENUM_CONVERSION = YES;
				CLANG_WARN_INFINITE_RECURSION = YES;
				CLANG_WARN_INT_CONVERSION = YES;
				CLANG_WARN_NON_LITERAL_NULL_CONVERSION = YES;
				CLANG_WARN_OBJC_IMPLICIT_RETAIN_SELF = YES;
				CLANG_WARN_OBJC_LITERAL_CONVERSION = YES;
				CLANG_WARN_OBJC_ROOT_CLASS = YES_ERROR;
				CLANG_WARN_RANGE_LOOP_ANALYSIS = YES;
				CLANG_WARN_STRICT_PROTOTYPES = YES;
				CLANG_WARN_SUSPICIOUS_MOVE = YES;
				CLANG_WARN_UNGUARDED_AVAILABILITY = YES_AGGRESSIVE;
				CLANG_WARN_UNREACHABLE_CODE = YES;
				CLANG_WARN__DUPLICATE_METHOD_MATCH = YES;
				CODE_SIGN_IDENTITY = "iPhone Developer";
				COPY_PHASE_STRIP = NO;
				DEBUG_INFORMATION_FORMAT = dwarf;
				ENABLE_STRICT_OBJC_MSGSEND = YES;
				ENABLE_TESTABILITY = YES;
				GCC_C_LANGUAGE_STANDARD = gnu11;
				GCC_DYNAMIC_NO_PIC = NO;
				GCC_NO_COMMON_BLOCKS = YES;
				GCC_OPTIMIZATION_LEVEL = 0;
				GCC_PREFIX_HEADER = HandLottery/PrefixHeader.pch;
				GCC_PREPROCESSOR_DEFINITIONS = (
					"DEBUG=1",
					"$(inherited)",
				);
				GCC_WARN_64_TO_32_BIT_CONVERSION = YES;
				GCC_WARN_ABOUT_RETURN_TYPE = YES_ERROR;
				GCC_WARN_UNDECLARED_SELECTOR = YES;
				GCC_WARN_UNINITIALIZED_AUTOS = YES_AGGRESSIVE;
				GCC_WARN_UNUSED_FUNCTION = YES;
				GCC_WARN_UNUSED_VARIABLE = YES;
				IPHONEOS_DEPLOYMENT_TARGET = 11.4;
				MTL_ENABLE_DEBUG_INFO = YES;
				ONLY_ACTIVE_ARCH = YES;
				SDKROOT = iphoneos;
			};
			name = Debug;
		};
		CA1479AB212A58AD001B64A0 /* Release */ = {
			isa = XCBuildConfiguration;
			buildSettings = {
				ALWAYS_SEARCH_USER_PATHS = NO;
				CLANG_ANALYZER_NONNULL = YES;
				CLANG_ANALYZER_NUMBER_OBJECT_CONVERSION = YES_AGGRESSIVE;
				CLANG_CXX_LANGUAGE_STANDARD = "gnu++14";
				CLANG_CXX_LIBRARY = "libc++";
				CLANG_ENABLE_MODULES = YES;
				CLANG_ENABLE_OBJC_ARC = YES;
				CLANG_ENABLE_OBJC_WEAK = YES;
				CLANG_WARN_BLOCK_CAPTURE_AUTORELEASING = YES;
				CLANG_WARN_BOOL_CONVERSION = YES;
				CLANG_WARN_COMMA = YES;
				CLANG_WARN_CONSTANT_CONVERSION = YES;
				CLANG_WARN_DEPRECATED_OBJC_IMPLEMENTATIONS = YES;
				CLANG_WARN_DIRECT_OBJC_ISA_USAGE = YES_ERROR;
				CLANG_WARN_DOCUMENTATION_COMMENTS = YES;
				CLANG_WARN_EMPTY_BODY = YES;
				CLANG_WARN_ENUM_CONVERSION = YES;
				CLANG_WARN_INFINITE_RECURSION = YES;
				CLANG_WARN_INT_CONVERSION = YES;
				CLANG_WARN_NON_LITERAL_NULL_CONVERSION = YES;
				CLANG_WARN_OBJC_IMPLICIT_RETAIN_SELF = YES;
				CLANG_WARN_OBJC_LITERAL_CONVERSION = YES;
				CLANG_WARN_OBJC_ROOT_CLASS = YES_ERROR;
				CLANG_WARN_RANGE_LOOP_ANALYSIS = YES;
				CLANG_WARN_STRICT_PROTOTYPES = YES;
				CLANG_WARN_SUSPICIOUS_MOVE = YES;
				CLANG_WARN_UNGUARDED_AVAILABILITY = YES_AGGRESSIVE;
				CLANG_WARN_UNREACHABLE_CODE = YES;
				CLANG_WARN__DUPLICATE_METHOD_MATCH = YES;
				CODE_SIGN_IDENTITY = "iPhone Developer";
				COPY_PHASE_STRIP = NO;
				DEBUG_INFORMATION_FORMAT = "dwarf-with-dsym";
				ENABLE_NS_ASSERTIONS = NO;
				ENABLE_STRICT_OBJC_MSGSEND = YES;
				GCC_C_LANGUAGE_STANDARD = gnu11;
				GCC_NO_COMMON_BLOCKS = YES;
				GCC_PREFIX_HEADER = HandLottery/PrefixHeader.pch;
				GCC_WARN_64_TO_32_BIT_CONVERSION = YES;
				GCC_WARN_ABOUT_RETURN_TYPE = YES_ERROR;
				GCC_WARN_UNDECLARED_SELECTOR = YES;
				GCC_WARN_UNINITIALIZED_AUTOS = YES_AGGRESSIVE;
				GCC_WARN_UNUSED_FUNCTION = YES;
				GCC_WARN_UNUSED_VARIABLE = YES;
				IPHONEOS_DEPLOYMENT_TARGET = 11.4;
				MTL_ENABLE_DEBUG_INFO = NO;
				SDKROOT = iphoneos;
				VALIDATE_PRODUCT = YES;
			};
			name = Release;
		};
		CA1479AD212A58AD001B64A0 /* Debug */ = {
			isa = XCBuildConfiguration;
			baseConfigurationReference = 041429885A77822860F88135 /* Pods-HandLottery.debug.xcconfig */;
			buildSettings = {
				ASSETCATALOG_COMPILER_APPICON_NAME = AppIcon;
				ASSETCATALOG_COMPILER_LAUNCHIMAGE_NAME = LaunchImage;
				CODE_SIGN_STYLE = Automatic;
				DEVELOPMENT_TEAM = E886ETAFH9;
				INFOPLIST_FILE = HandLottery/Info.plist;
				IPHONEOS_DEPLOYMENT_TARGET = 9.0;
				LD_RUNPATH_SEARCH_PATHS = (
					"$(inherited)",
					"@executable_path/Frameworks",
				);
				PRODUCT_BUNDLE_IDENTIFIER = com.dadisoft.test;
				PRODUCT_NAME = "$(TARGET_NAME)";
				TARGETED_DEVICE_FAMILY = 1;
			};
			name = Debug;
		};
		CA1479AE212A58AD001B64A0 /* Release */ = {
			isa = XCBuildConfiguration;
			baseConfigurationReference = CDF34BFEB764645D7D40EE63 /* Pods-HandLottery.release.xcconfig */;
			buildSettings = {
				ASSETCATALOG_COMPILER_APPICON_NAME = AppIcon;
				ASSETCATALOG_COMPILER_LAUNCHIMAGE_NAME = LaunchImage;
				CODE_SIGN_STYLE = Automatic;
				DEVELOPMENT_TEAM = E886ETAFH9;
				INFOPLIST_FILE = HandLottery/Info.plist;
				IPHONEOS_DEPLOYMENT_TARGET = 9.0;
				LD_RUNPATH_SEARCH_PATHS = (
					"$(inherited)",
					"@executable_path/Frameworks",
				);
				PRODUCT_BUNDLE_IDENTIFIER = com.dadisoft.test;
				PRODUCT_NAME = "$(TARGET_NAME)";
				TARGETED_DEVICE_FAMILY = 1;
			};
			name = Release;
		};
/* End XCBuildConfiguration section */

/* Begin XCConfigurationList section */
		CA147991212A58A6001B64A0 /* Build configuration list for PBXProject "HandLottery" */ = {
			isa = XCConfigurationList;
			buildConfigurations = (
				CA1479AA212A58AD001B64A0 /* Debug */,
				CA1479AB212A58AD001B64A0 /* Release */,
			);
			defaultConfigurationIsVisible = 0;
			defaultConfigurationName = Release;
		};
		CA1479AC212A58AD001B64A0 /* Build configuration list for PBXNativeTarget "HandLottery" */ = {
			isa = XCConfigurationList;
			buildConfigurations = (
				CA1479AD212A58AD001B64A0 /* Debug */,
				CA1479AE212A58AD001B64A0 /* Release */,
			);
			defaultConfigurationIsVisible = 0;
			defaultConfigurationName = Release;
		};
/* End XCConfigurationList section */
	};
	rootObject = CA14798E212A58A6001B64A0 /* Project object */;
}
